
Microsoft Visual Studio Solution File, Format Version 12.00
# Visual Studio Version 17
VisualStudioVersion = 17.13.35919.96
MinimumVisualStudioVersion = 10.0.40219.1
Project("{2150E333-8FDC-42A3-9474-1A3956D46DE8}") = "Bootstrapper", "Bootstrapper", "{02EA681E-C7D8-13C7-8484-4AC65E1B71E8}"
EndProject
Project("{2150E333-8FDC-42A3-9474-1A3956D46DE8}") = "Modules", "Modules", "{35714B0D-C8BE-4F0B-9FBD-011DC092D71D}"
EndProject
Project("{2150E333-8FDC-42A3-9474-1A3956D46DE8}") = "Shared", "Shared", "{B3F58684-F231-4BD6-A12D-984BE9EF6EA4}"
EndProject
Project("{FAE04EC0-301F-11D3-BF4B-00C04F79EFBC}") = "Api", "Bootstrapper\Api\Api.csproj", "{02274572-246D-430A-A574-4EEB401ADF2A}"
EndProject
Project("{2150E333-8FDC-42A3-9474-1A3956D46DE8}") = "Catalog", "Catalog", "{015F9C34-DFF2-4539-AA20-107D4F38D3DF}"
EndProject
Project("{2150E333-8FDC-42A3-9474-1A3956D46DE8}") = "Basket", "Basket", "{5363E09F-7149-4DDF-A5B9-4841AB0E0388}"
EndProject
Project("{2150E333-8FDC-42A3-9474-1A3956D46DE8}") = "Ordering", "Ordering", "{C888ED75-6559-4D11-93D4-5050B06D669E}"
EndProject
Project("{FAE04EC0-301F-11D3-BF4B-00C04F79EFBC}") = "Catalog", "Modules\Catalog\Catalog.csproj", "{1C9817E8-A75A-4D26-87ED-C0C480A4D1A8}"
EndProject
Project("{FAE04EC0-301F-11D3-BF4B-00C04F79EFBC}") = "Basket", "Modules\Basket\Basket.csproj", "{6F1BF138-46D7-4798-AFD8-A67597DF1F2C}"
EndProject
Project("{FAE04EC0-301F-11D3-BF4B-00C04F79EFBC}") = "Ordering", "Modules\Ordering\Ordering.csproj", "{55936826-8DDA-44CD-B228-1DC7FA914899}"
EndProject
Project("{FAE04EC0-301F-11D3-BF4B-00C04F79EFBC}") = "Shared", "Shared\Shared.csproj", "{D68F48EF-891A-4582-AEE7-1BE501A2F705}"
EndProject
Project("{E53339B2-1760-4266-BCC7-CA923CBCF16C}") = "docker-compose", "docker-compose.dcproj", "{81DDED9D-158B-E303-5F62-77A2896D2A5A}"
EndProject
Global
	GlobalSection(SolutionConfigurationPlatforms) = preSolution
		Debug|Any CPU = Debug|Any CPU
		Release|Any CPU = Release|Any CPU
	EndGlobalSection
	GlobalSection(ProjectConfigurationPlatforms) = postSolution
		{02274572-246D-430A-A574-4EEB401ADF2A}.Debug|Any CPU.ActiveCfg = Debug|Any CPU
		{02274572-246D-430A-A574-4EEB401ADF2A}.Debug|Any CPU.Build.0 = Debug|Any CPU
		{02274572-246D-430A-A574-4EEB401ADF2A}.Release|Any CPU.ActiveCfg = Release|Any CPU
		{02274572-246D-430A-A574-4EEB401ADF2A}.Release|Any CPU.Build.0 = Release|Any CPU
		{1C9817E8-A75A-4D26-87ED-C0C480A4D1A8}.Debug|Any CPU.ActiveCfg = Debug|Any CPU
		{1C9817E8-A75A-4D26-87ED-C0C480A4D1A8}.Debug|Any CPU.Build.0 = Debug|Any CPU
		{1C9817E8-A75A-4D26-87ED-C0C480A4D1A8}.Release|Any CPU.ActiveCfg = Release|Any CPU
		{1C9817E8-A75A-4D26-87ED-C0C480A4D1A8}.Release|Any CPU.Build.0 = Release|Any CPU
		{6F1BF138-46D7-4798-AFD8-A67597DF1F2C}.Debug|Any CPU.ActiveCfg = Debug|Any CPU
		{6F1BF138-46D7-4798-AFD8-A67597DF1F2C}.Debug|Any CPU.Build.0 = Debug|Any CPU
		{6F1BF138-46D7-4798-AFD8-A67597DF1F2C}.Release|Any CPU.ActiveCfg = Release|Any CPU
		{6F1BF138-46D7-4798-AFD8-A67597DF1F2C}.Release|Any CPU.Build.0 = Release|Any CPU
		{55936826-8DDA-44CD-B228-1DC7FA914899}.Debug|Any CPU.ActiveCfg = Debug|Any CPU
		{55936826-8DDA-44CD-B228-1DC7FA914899}.Debug|Any CPU.Build.0 = Debug|Any CPU
		{55936826-8DDA-44CD-B228-1DC7FA914899}.Release|Any CPU.ActiveCfg = Release|Any CPU
		{55936826-8DDA-44CD-B228-1DC7FA914899}.Release|Any CPU.Build.0 = Release|Any CPU
		{D68F48EF-891A-4582-AEE7-1BE501A2F705}.Debug|Any CPU.ActiveCfg = Debug|Any CPU
		{D68F48EF-891A-4582-AEE7-1BE501A2F705}.Debug|Any CPU.Build.0 = Debug|Any CPU
		{D68F48EF-891A-4582-AEE7-1BE501A2F705}.Release|Any CPU.ActiveCfg = Release|Any CPU
		{D68F48EF-891A-4582-AEE7-1BE501A2F705}.Release|Any CPU.Build.0 = Release|Any CPU
		{81DDED9D-158B-E303-5F62-77A2896D2A5A}.Debug|Any CPU.ActiveCfg = Debug|Any CPU
		{81DDED9D-158B-E303-5F62-77A2896D2A5A}.Debug|Any CPU.Build.0 = Debug|Any CPU
		{81DDED9D-158B-E303-5F62-77A2896D2A5A}.Release|Any CPU.ActiveCfg = Release|Any CPU
		{81DDED9D-158B-E303-5F62-77A2896D2A5A}.Release|Any CPU.Build.0 = Release|Any CPU
	EndGlobalSection
	GlobalSection(SolutionProperties) = preSolution
		HideSolutionNode = FALSE
	EndGlobalSection
	GlobalSection(NestedProjects) = preSolution
		{02274572-246D-430A-A574-4EEB401ADF2A} = {02EA681E-C7D8-13C7-8484-4AC65E1B71E8}
		{015F9C34-DFF2-4539-AA20-107D4F38D3DF} = {35714B0D-C8BE-4F0B-9FBD-011DC092D71D}
		{5363E09F-7149-4DDF-A5B9-4841AB0E0388} = {35714B0D-C8BE-4F0B-9FBD-011DC092D71D}
		{C888ED75-6559-4D11-93D4-5050B06D669E} = {35714B0D-C8BE-4F0B-9FBD-011DC092D71D}
		{1C9817E8-A75A-4D26-87ED-C0C480A4D1A8} = {015F9C34-DFF2-4539-AA20-107D4F38D3DF}
		{6F1BF138-46D7-4798-AFD8-A67597DF1F2C} = {5363E09F-7149-4DDF-A5B9-4841AB0E0388}
		{55936826-8DDA-44CD-B228-1DC7FA914899} = {C888ED75-6559-4D11-93D4-5050B06D669E}
		{D68F48EF-891A-4582-AEE7-1BE501A2F705} = {B3F58684-F231-4BD6-A12D-984BE9EF6EA4}
	EndGlobalSection
	GlobalSection(ExtensibilityGlobals) = postSolution
		SolutionGuid = {4EDAEF93-6E3D-49EA-9D86-F32376938102}
	EndGlobalSection
EndGlobal
