
Microsoft Visual Studio Solution File, Format Version 12.00
# Visual Studio Version 17
VisualStudioVersion = 17.13.35919.96
MinimumVisualStudioVersion = 10.0.40219.1
Project("{2150E333-8FDC-42A3-9474-1A3956D46DE8}") = "Bootstrapper", "Bootstrapper", "{02EA681E-C7D8-13C7-8484-4AC65E1B71E8}"
EndProject
Project("{2150E333-8FDC-42A3-9474-1A3956D46DE8}") = "Modules", "Modules", "{35714B0D-C8BE-4F0B-9FBD-011DC092D71D}"
EndProject
Project("{2150E333-8FDC-42A3-9474-1A3956D46DE8}") = "Shared", "Shared", "{B3F58684-F231-4BD6-A12D-984BE9EF6EA4}"
EndProject
Project("{FAE04EC0-301F-11D3-BF4B-00C04F79EFBC}") = "Api", "Bootstrapper\Api\Api.csproj", "{02274572-246D-430A-A574-4EEB401ADF2A}"
EndProject
Global
	GlobalSection(SolutionConfigurationPlatforms) = preSolution
		Debug|Any CPU = Debug|Any CPU
		Release|Any CPU = Release|Any CPU
	EndGlobalSection
	GlobalSection(ProjectConfigurationPlatforms) = postSolution
		{02274572-246D-430A-A574-4EEB401ADF2A}.Debug|Any CPU.ActiveCfg = Debug|Any CPU
		{02274572-246D-430A-A574-4EEB401ADF2A}.Debug|Any CPU.Build.0 = Debug|Any CPU
		{02274572-246D-430A-A574-4EEB401ADF2A}.Release|Any CPU.ActiveCfg = Release|Any CPU
		{02274572-246D-430A-A574-4EEB401ADF2A}.Release|Any CPU.Build.0 = Release|Any CPU
	EndGlobalSection
	GlobalSection(SolutionProperties) = preSolution
		HideSolutionNode = FALSE
	EndGlobalSection
	GlobalSection(NestedProjects) = preSolution
		{02274572-246D-430A-A574-4EEB401ADF2A} = {02EA681E-C7D8-13C7-8484-4AC65E1B71E8}
	EndGlobalSection
	GlobalSection(ExtensibilityGlobals) = postSolution
		SolutionGuid = {4EDAEF93-6E3D-49EA-9D86-F32376938102}
	EndGlobalSection
EndGlobal
